
Microsoft Visual Studio Solution File, Format Version 12.00
# Visual Studio Version 17
VisualStudioVersion = 17.1.32328.378
MinimumVisualStudioVersion = 10.0.40219.1
Project("{FAE04EC0-301F-11D3-BF4B-00C04F79EFBC}") = "TutorialCsharp1", "TutorialCsharp1\TutorialCsharp1.csproj", "{60332014-B248-4B2A-8081-27654742A822}"
EndProject
Global
	GlobalSection(SolutionConfigurationPlatforms) = preSolution
		Debug|Any CPU = Debug|Any CPU
		Release|Any CPU = Release|Any CPU
	EndGlobalSection
	GlobalSection(ProjectConfigurationPlatforms) = postSolution
		{60332014-B248-4B2A-8081-27654742A822}.Debug|Any CPU.ActiveCfg = Debug|Any CPU
		{60332014-B248-4B2A-8081-27654742A822}.Debug|Any CPU.Build.0 = Debug|Any CPU
		{60332014-B248-4B2A-8081-27654742A822}.Release|Any CPU.ActiveCfg = Release|Any CPU
		{60332014-B248-4B2A-8081-27654742A822}.Release|Any CPU.Build.0 = Release|Any CPU
	EndGlobalSection
	GlobalSection(SolutionProperties) = preSolution
		HideSolutionNode = FALSE
	EndGlobalSection
	GlobalSection(ExtensibilityGlobals) = postSolution
		SolutionGuid = {7E653143-7FAA-47D2-B902-423305C512A6}
	EndGlobalSection
EndGlobal
